// !$*UTF8*$!
{
	archiveVersion = 1;
	classes = {
	};
	objectVersion = 50;
	objects = {

/* Begin PBXBuildFile section */
		3E3559582372CA4100AF5091 /* 7.jpg in Resources */ = {isa = PBXBuildFile; fileRef = 3E3559512372CA4000AF5091 /* 7.jpg */; };
		3E3559592372CA4100AF5091 /* 5.jpg in Resources */ = {isa = PBXBuildFile; fileRef = 3E3559522372CA4100AF5091 /* 5.jpg */; };
		3E35595A2372CA4100AF5091 /* 2.jpg in Resources */ = {isa = PBXBuildFile; fileRef = 3E3559532372CA4100AF5091 /* 2.jpg */; };
		3E35595B2372CA4100AF5091 /* 1.jpg in Resources */ = {isa = PBXBuildFile; fileRef = 3E3559542372CA4100AF5091 /* 1.jpg */; };
		3E35595C2372CA4100AF5091 /* 3.jpg in Resources */ = {isa = PBXBuildFile; fileRef = 3E3559552372CA4100AF5091 /* 3.jpg */; };
		3E35595D2372CA4100AF5091 /* 6.jpg in Resources */ = {isa = PBXBuildFile; fileRef = 3E3559562372CA4100AF5091 /* 6.jpg */; };
		3E35595E2372CA4100AF5091 /* 4.jpg in Resources */ = {isa = PBXBuildFile; fileRef = 3E3559572372CA4100AF5091 /* 4.jpg */; };
		3EFB187F23713D4300CA1FFF /* AppDelegate.swift in Sources */ = {isa = PBXBuildFile; fileRef = 3EFB187E23713D4300CA1FFF /* AppDelegate.swift */; };
		3EFB188123713D4300CA1FFF /* ViewController.swift in Sources */ = {isa = PBXBuildFile; fileRef = 3EFB188023713D4300CA1FFF /* ViewController.swift */; };
		3EFB188423713D4300CA1FFF /* Main.storyboard in Resources */ = {isa = PBXBuildFile; fileRef = 3EFB188223713D4300CA1FFF /* Main.storyboard */; };
		3EFB188623713D4500CA1FFF /* Assets.xcassets in Resources */ = {isa = PBXBuildFile; fileRef = 3EFB188523713D4500CA1FFF /* Assets.xcassets */; };
		3EFB188923713D4500CA1FFF /* LaunchScreen.storyboard in Resources */ = {isa = PBXBuildFile; fileRef = 3EFB188723713D4500CA1FFF /* LaunchScreen.storyboard */; };
		3EFB1891237154DB00CA1FFF /* ExpandImageViewController.swift in Sources */ = {isa = PBXBuildFile; fileRef = 3EFB1890237154DB00CA1FFF /* ExpandImageViewController.swift */; };
/* End PBXBuildFile section */

/* Begin PBXFileReference section */
		3E3559512372CA4000AF5091 /* 7.jpg */ = {isa = PBXFileReference; lastKnownFileType = image.jpeg; path = 7.jpg; sourceTree = "<group>"; };
		3E3559522372CA4100AF5091 /* 5.jpg */ = {isa = PBXFileReference; lastKnownFileType = image.jpeg; path = 5.jpg; sourceTree = "<group>"; };
		3E3559532372CA4100AF5091 /* 2.jpg */ = {isa = PBXFileReference; lastKnownFileType = image.jpeg; path = 2.jpg; sourceTree = "<group>"; };
		3E3559542372CA4100AF5091 /* 1.jpg */ = {isa = PBXFileReference; lastKnownFileType = image.jpeg; path = 1.jpg; sourceTree = "<group>"; };
		3E3559552372CA4100AF5091 /* 3.jpg */ = {isa = PBXFileReference; lastKnownFileType = image.jpeg; path = 3.jpg; sourceTree = "<group>"; };
		3E3559562372CA4100AF5091 /* 6.jpg */ = {isa = PBXFileReference; lastKnownFileType = image.jpeg; path = 6.jpg; sourceTree = "<group>"; };
		3E3559572372CA4100AF5091 /* 4.jpg */ = {isa = PBXFileReference; lastKnownFileType = image.jpeg; path = 4.jpg; sourceTree = "<group>"; };
		3EFB187B23713D4300CA1FFF /* SlideshowApp.app */ = {isa = PBXFileReference; explicitFileType = wrapper.application; includeInIndex = 0; path = SlideshowApp.app; sourceTree = BUILT_PRODUCTS_DIR; };
		3EFB187E23713D4300CA1FFF /* AppDelegate.swift */ = {isa = PBXFileReference; lastKnownFileType = sourcecode.swift; path = AppDelegate.swift; sourceTree = "<group>"; };
		3EFB188023713D4300CA1FFF /* ViewController.swift */ = {isa = PBXFileReference; lastKnownFileType = sourcecode.swift; path = ViewController.swift; sourceTree = "<group>"; };
		3EFB188323713D4300CA1FFF /* Base */ = {isa = PBXFileReference; lastKnownFileType = file.storyboard; name = Base; path = Base.lproj/Main.storyboard; sourceTree = "<group>"; };
		3EFB188523713D4500CA1FFF /* Assets.xcassets */ = {isa = PBXFileReference; lastKnownFileType = folder.assetcatalog; path = Assets.xcassets; sourceTree = "<group>"; };
		3EFB188823713D4500CA1FFF /* Base */ = {isa = PBXFileReference; lastKnownFileType = file.storyboard; name = Base; path = Base.lproj/LaunchScreen.storyboard; sourceTree = "<group>"; };
		3EFB188A23713D4500CA1FFF /* Info.plist */ = {isa = PBXFileReference; lastKnownFileType = text.plist.xml; path = Info.plist; sourceTree = "<group>"; };
		3EFB1890237154DB00CA1FFF /* ExpandImageViewController.swift */ = {isa = PBXFileReference; lastKnownFileType = sourcecode.swift; path = ExpandImageViewController.swift; sourceTree = "<group>"; };
/* End PBXFileReference section */

/* Begin PBXFrameworksBuildPhase section */
		3EFB187823713D4300CA1FFF /* Frameworks */ = {
			isa = PBXFrameworksBuildPhase;
			buildActionMask = 2147483647;
			files = (
			);
			runOnlyForDeploymentPostprocessing = 0;
		};
/* End PBXFrameworksBuildPhase section */

/* Begin PBXGroup section */
		3EFB187223713D4300CA1FFF = {
			isa = PBXGroup;
			children = (
				3EFB187D23713D4300CA1FFF /* SlideshowApp */,
				3EFB187C23713D4300CA1FFF /* Products */,
			);
			sourceTree = "<group>";
		};
		3EFB187C23713D4300CA1FFF /* Products */ = {
			isa = PBXGroup;
			children = (
				3EFB187B23713D4300CA1FFF /* SlideshowApp.app */,
			);
			name = Products;
			sourceTree = "<group>";
		};
		3EFB187D23713D4300CA1FFF /* SlideshowApp */ = {
			isa = PBXGroup;
			children = (
				3E3559542372CA4100AF5091 /* 1.jpg */,
				3E3559532372CA4100AF5091 /* 2.jpg */,
				3E3559552372CA4100AF5091 /* 3.jpg */,
				3E3559572372CA4100AF5091 /* 4.jpg */,
				3E3559522372CA4100AF5091 /* 5.jpg */,
				3E3559562372CA4100AF5091 /* 6.jpg */,
				3E3559512372CA4000AF5091 /* 7.jpg */,
				3EFB187E23713D4300CA1FFF /* AppDelegate.swift */,
				3EFB188023713D4300CA1FFF /* ViewController.swift */,
				3EFB188223713D4300CA1FFF /* Main.storyboard */,
				3EFB188523713D4500CA1FFF /* Assets.xcassets */,
				3EFB188723713D4500CA1FFF /* LaunchScreen.storyboard */,
				3EFB188A23713D4500CA1FFF /* Info.plist */,
				3EFB1890237154DB00CA1FFF /* ExpandImageViewController.swift */,
			);
			path = SlideshowApp;
			sourceTree = "<group>";
		};
/* End PBXGroup section */

/* Begin PBXNativeTarget section */
		3EFB187A23713D4300CA1FFF /* SlideshowApp */ = {
			isa = PBXNativeTarget;
			buildConfigurationList = 3EFB188D23713D4500CA1FFF /* Build configuration list for PBXNativeTarget "SlideshowApp" */;
			buildPhases = (
				3EFB187723713D4300CA1FFF /* Sources */,
				3EFB187823713D4300CA1FFF /* Frameworks */,
				3EFB187923713D4300CA1FFF /* Resources */,
			);
			buildRules = (
			);
			dependencies = (
			);
			name = SlideshowApp;
			productName = SlideshowApp;
			productReference = 3EFB187B23713D4300CA1FFF /* SlideshowApp.app */;
			productType = "com.apple.product-type.application";
		};
/* End PBXNativeTarget section */

/* Begin PBXProject section */
		3EFB187323713D4300CA1FFF /* Project object */ = {
			isa = PBXProject;
			attributes = {
				LastSwiftUpdateCheck = 1030;
				LastUpgradeCheck = 1030;
				ORGANIZATIONNAME = shouta.yamaguchi4;
				TargetAttributes = {
					3EFB187A23713D4300CA1FFF = {
						CreatedOnToolsVersion = 10.3;
					};
				};
			};
			buildConfigurationList = 3EFB187623713D4300CA1FFF /* Build configuration list for PBXProject "SlideshowApp" */;
			compatibilityVersion = "Xcode 9.3";
			developmentRegion = en;
			hasScannedForEncodings = 0;
			knownRegions = (
				en,
				Base,
			);
			mainGroup = 3EFB187223713D4300CA1FFF;
			productRefGroup = 3EFB187C23713D4300CA1FFF /* Products */;
			projectDirPath = "";
			projectRoot = "";
			targets = (
				3EFB187A23713D4300CA1FFF /* SlideshowApp */,
			);
		};
/* End PBXProject section */

/* Begin PBXResourcesBuildPhase section */
		3EFB187923713D4300CA1FFF /* Resources */ = {
			isa = PBXResourcesBuildPhase;
			buildActionMask = 2147483647;
			files = (
				3E35595E2372CA4100AF5091 /* 4.jpg in Resources */,
				3E35595A2372CA4100AF5091 /* 2.jpg in Resources */,
				3E35595B2372CA4100AF5091 /* 1.jpg in Resources */,
				3E3559592372CA4100AF5091 /* 5.jpg in Resources */,
				3EFB188923713D4500CA1FFF /* LaunchScreen.storyboard in Resources */,
				3E3559582372CA4100AF5091 /* 7.jpg in Resources */,
				3EFB188623713D4500CA1FFF /* Assets.xcassets in Resources */,
				3E35595D2372CA4100AF5091 /* 6.jpg in Resources */,
				3EFB188423713D4300CA1FFF /* Main.storyboard in Resources */,
				3E35595C2372CA4100AF5091 /* 3.jpg in Resources */,
			);
			runOnlyForDeploymentPostprocessing = 0;
		};
/* End PBXResourcesBuildPhase section */

/* Begin PBXSourcesBuildPhase section */
		3EFB187723713D4300CA1FFF /* Sources */ = {
			isa = PBXSourcesBuildPhase;
			buildActionMask = 2147483647;
			files = (
				3EFB1891237154DB00CA1FFF /* ExpandImageViewController.swift in Sources */,
				3EFB188123713D4300CA1FFF /* ViewController.swift in Sources */,
				3EFB187F23713D4300CA1FFF /* AppDelegate.swift in Sources */,
			);
			runOnlyForDeploymentPostprocessing = 0;
		};
/* End PBXSourcesBuildPhase section */

/* Begin PBXVariantGroup section */
		3EFB188223713D4300CA1FFF /* Main.storyboard */ = {
			isa = PBXVariantGroup;
			children = (
				3EFB188323713D4300CA1FFF /* Base */,
			);
			name = Main.storyboard;
			sourceTree = "<group>";
		};
		3EFB188723713D4500CA1FFF /* LaunchScreen.storyboard */ = {
			isa = PBXVariantGroup;
			children = (
				3EFB188823713D4500CA1FFF /* Base */,
			);
			name = LaunchScreen.storyboard;
			sourceTree = "<group>";
		};
/* End PBXVariantGroup section */

/* Begin XCBuildConfiguration section */
		3EFB188B23713D4500CA1FFF /* Debug */ = {
			isa = XCBuildConfiguration;
			buildSettings = {
				ALWAYS_SEARCH_USER_PATHS = NO;
				CLANG_ANALYZER_NONNULL = YES;
				CLANG_ANALYZER_NUMBER_OBJECT_CONVERSION = YES_AGGRESSIVE;
				CLANG_CXX_LANGUAGE_STANDARD = "gnu++14";
				CLANG_CXX_LIBRARY = "libc++";
				CLANG_ENABLE_MODULES = YES;
				CLANG_ENABLE_OBJC_ARC = YES;
				CLANG_ENABLE_OBJC_WEAK = YES;
				CLANG_WARN_BLOCK_CAPTURE_AUTORELEASING = YES;
				CLANG_WARN_BOOL_CONVERSION = YES;
				CLANG_WARN_COMMA = YES;
				CLANG_WARN_CONSTANT_CONVERSION = YES;
				CLANG_WARN_DEPRECATED_OBJC_IMPLEMENTATIONS = YES;
				CLANG_WARN_DIRECT_OBJC_ISA_USAGE = YES_ERROR;
				CLANG_WARN_DOCUMENTATION_COMMENTS = YES;
				CLANG_WARN_EMPTY_BODY = YES;
				CLANG_WARN_ENUM_CONVERSION = YES;
				CLANG_WARN_INFINITE_RECURSION = YES;
				CLANG_WARN_INT_CONVERSION = YES;
				CLANG_WARN_NON_LITERAL_NULL_CONVERSION = YES;
				CLANG_WARN_OBJC_IMPLICIT_RETAIN_SELF = YES;
				CLANG_WARN_OBJC_LITERAL_CONVERSION = YES;
				CLANG_WARN_OBJC_ROOT_CLASS = YES_ERROR;
				CLANG_WARN_RANGE_LOOP_ANALYSIS = YES;
				CLANG_WARN_STRICT_PROTOTYPES = YES;
				CLANG_WARN_SUSPICIOUS_MOVE = YES;
				CLANG_WARN_UNGUARDED_AVAILABILITY = YES_AGGRESSIVE;
				CLANG_WARN_UNREACHABLE_CODE = YES;
				CLANG_WARN__DUPLICATE_METHOD_MATCH = YES;
				CODE_SIGN_IDENTITY = "iPhone Developer";
				COPY_PHASE_STRIP = NO;
				DEBUG_INFORMATION_FORMAT = dwarf;
				ENABLE_STRICT_OBJC_MSGSEND = YES;
				ENABLE_TESTABILITY = YES;
				GCC_C_LANGUAGE_STANDARD = gnu11;
				GCC_DYNAMIC_NO_PIC = NO;
				GCC_NO_COMMON_BLOCKS = YES;
				GCC_OPTIMIZATION_LEVEL = 0;
				GCC_PREPROCESSOR_DEFINITIONS = (
					"DEBUG=1",
					"$(inherited)",
				);
				GCC_WARN_64_TO_32_BIT_CONVERSION = YES;
				GCC_WARN_ABOUT_RETURN_TYPE = YES_ERROR;
				GCC_WARN_UNDECLARED_SELECTOR = YES;
				GCC_WARN_UNINITIALIZED_AUTOS = YES_AGGRESSIVE;
				GCC_WARN_UNUSED_FUNCTION = YES;
				GCC_WARN_UNUSED_VARIABLE = YES;
				IPHONEOS_DEPLOYMENT_TARGET = 12.4;
				MTL_ENABLE_DEBUG_INFO = INCLUDE_SOURCE;
				MTL_FAST_MATH = YES;
				ONLY_ACTIVE_ARCH = YES;
				SDKROOT = iphoneos;
				SWIFT_ACTIVE_COMPILATION_CONDITIONS = DEBUG;
				SWIFT_OPTIMIZATION_LEVEL = "-Onone";
			};
			name = Debug;
		};
		3EFB188C23713D4500CA1FFF /* Release */ = {
			isa = XCBuildConfiguration;
			buildSettings = {
				ALWAYS_SEARCH_USER_PATHS = NO;
				CLANG_ANALYZER_NONNULL = YES;
				CLANG_ANALYZER_NUMBER_OBJECT_CONVERSION = YES_AGGRESSIVE;
				CLANG_CXX_LANGUAGE_STANDARD = "gnu++14";
				CLANG_CXX_LIBRARY = "libc++";
				CLANG_ENABLE_MODULES = YES;
				CLANG_ENABLE_OBJC_ARC = YES;
				CLANG_ENABLE_OBJC_WEAK = YES;
				CLANG_WARN_BLOCK_CAPTURE_AUTORELEASING = YES;
				CLANG_WARN_BOOL_CONVERSION = YES;
				CLANG_WARN_COMMA = YES;
				CLANG_WARN_CONSTANT_CONVERSION = YES;
				CLANG_WARN_DEPRECATED_OBJC_IMPLEMENTATIONS = YES;
				CLANG_WARN_DIRECT_OBJC_ISA_USAGE = YES_ERROR;
				CLANG_WARN_DOCUMENTATION_COMMENTS = YES;
				CLANG_WARN_EMPTY_BODY = YES;
				CLANG_WARN_ENUM_CONVERSION = YES;
				CLANG_WARN_INFINITE_RECURSION = YES;
				CLANG_WARN_INT_CONVERSION = YES;
				CLANG_WARN_NON_LITERAL_NULL_CONVERSION = YES;
				CLANG_WARN_OBJC_IMPLICIT_RETAIN_SELF = YES;
				CLANG_WARN_OBJC_LITERAL_CONVERSION = YES;
				CLANG_WARN_OBJC_ROOT_CLASS = YES_ERROR;
				CLANG_WARN_RANGE_LOOP_ANALYSIS = YES;
				CLANG_WARN_STRICT_PROTOTYPES = YES;
				CLANG_WARN_SUSPICIOUS_MOVE = YES;
				CLANG_WARN_UNGUARDED_AVAILABILITY = YES_AGGRESSIVE;
				CLANG_WARN_UNREACHABLE_CODE = YES;
				CLANG_WARN__DUPLICATE_METHOD_MATCH = YES;
				CODE_SIGN_IDENTITY = "iPhone Developer";
				COPY_PHASE_STRIP = NO;
				DEBUG_INFORMATION_FORMAT = "dwarf-with-dsym";
				ENABLE_NS_ASSERTIONS = NO;
				ENABLE_STRICT_OBJC_MSGSEND = YES;
				GCC_C_LANGUAGE_STANDARD = gnu11;
				GCC_NO_COMMON_BLOCKS = YES;
				GCC_WARN_64_TO_32_BIT_CONVERSION = YES;
				GCC_WARN_ABOUT_RETURN_TYPE = YES_ERROR;
				GCC_WARN_UNDECLARED_SELECTOR = YES;
				GCC_WARN_UNINITIALIZED_AUTOS = YES_AGGRESSIVE;
				GCC_WARN_UNUSED_FUNCTION = YES;
				GCC_WARN_UNUSED_VARIABLE = YES;
				IPHONEOS_DEPLOYMENT_TARGET = 12.4;
				MTL_ENABLE_DEBUG_INFO = NO;
				MTL_FAST_MATH = YES;
				SDKROOT = iphoneos;
				SWIFT_COMPILATION_MODE = wholemodule;
				SWIFT_OPTIMIZATION_LEVEL = "-O";
				VALIDATE_PRODUCT = YES;
			};
			name = Release;
		};
		3EFB188E23713D4500CA1FFF /* Debug */ = {
			isa = XCBuildConfiguration;
			buildSettings = {
				ASSETCATALOG_COMPILER_APPICON_NAME = AppIcon;
				CODE_SIGN_STYLE = Automatic;
				DEVELOPMENT_TEAM = 2649K2YR7F;
				INFOPLIST_FILE = SlideshowApp/Info.plist;
				IPHONEOS_DEPLOYMENT_TARGET = 12.2;
				LD_RUNPATH_SEARCH_PATHS = (
					"$(inherited)",
					"@executable_path/Frameworks",
				);
				PRODUCT_BUNDLE_IDENTIFIER = jp.techacademy.shouta.yamaguchi4.SlideshowApp;
				PRODUCT_NAME = "$(TARGET_NAME)";
				SWIFT_VERSION = 5.0;
				TARGETED_DEVICE_FAMILY = "1,2";
			};
			name = Debug;
		};
		3EFB188F23713D4500CA1FFF /* Release */ = {
			isa = XCBuildConfiguration;
			buildSettings = {
				ASSETCATALOG_COMPILER_APPICON_NAME = AppIcon;
				CODE_SIGN_STYLE = Automatic;
				DEVELOPMENT_TEAM = 2649K2YR7F;
				INFOPLIST_FILE = SlideshowApp/Info.plist;
				IPHONEOS_DEPLOYMENT_TARGET = 12.2;
				LD_RUNPATH_SEARCH_PATHS = (
					"$(inherited)",
					"@executable_path/Frameworks",
				);
				PRODUCT_BUNDLE_IDENTIFIER = jp.techacademy.shouta.yamaguchi4.SlideshowApp;
				PRODUCT_NAME = "$(TARGET_NAME)";
				SWIFT_VERSION = 5.0;
				TARGETED_DEVICE_FAMILY = "1,2";
			};
			name = Release;
		};
/* End XCBuildConfiguration section */

/* Begin XCConfigurationList section */
		3EFB187623713D4300CA1FFF /* Build configuration list for PBXProject "SlideshowApp" */ = {
			isa = XCConfigurationList;
			buildConfigurations = (
				3EFB188B23713D4500CA1FFF /* Debug */,
				3EFB188C23713D4500CA1FFF /* Release */,
			);
			defaultConfigurationIsVisible = 0;
			defaultConfigurationName = Release;
		};
		3EFB188D23713D4500CA1FFF /* Build configuration list for PBXNativeTarget "SlideshowApp" */ = {
			isa = XCConfigurationList;
			buildConfigurations = (
				3EFB188E23713D4500CA1FFF /* Debug */,
				3EFB188F23713D4500CA1FFF /* Release */,
			);
			defaultConfigurationIsVisible = 0;
			defaultConfigurationName = Release;
		};
/* End XCConfigurationList section */
	};
	rootObject = 3EFB187323713D4300CA1FFF /* Project object */;
}
